
Microsoft Visual Studio Solution File, Format Version 12.00
# Visual Studio 15
VisualStudioVersion = 15.0.27130.2026
MinimumVisualStudioVersion = 10.0.40219.1
Project("{9A19103F-16F7-4668-BE54-9A1E7A4F7556}") = "TestBatch", "TestBatch\TestBatch.csproj", "{1AF080E6-A2D2-47E3-A628-C6E537B4BC85}"
EndProject
Project("{9A19103F-16F7-4668-BE54-9A1E7A4F7556}") = "Log", "Log\Log.csproj", "{50ACBD07-3EEE-4044-B317-9ECEC32542A5}"
EndProject
Project("{9A19103F-16F7-4668-BE54-9A1E7A4F7556}") = "Services", "Service\Services.csproj", "{3561F995-E03C-41E1-B6EC-B96A615EC3D2}"
EndProject
Project("{9A19103F-16F7-4668-BE54-9A1E7A4F7556}") = "SqlHelper", "SqlHelper\SqlHelper.csproj", "{75F92DBE-A65A-4369-A6CA-1EA30DADFCFC}"
EndProject
Project("{9A19103F-16F7-4668-BE54-9A1E7A4F7556}") = "Enity", "Enity\Enity.csproj", "{600A0601-DF5B-424E-B666-9A8AB52508B6}"
EndProject
Project("{2150E333-8FDC-42A3-9474-1A3956D46DE8}") = "Test", "Test", "{6CCCE297-7F22-421C-8190-CE5967D9F92C}"
EndProject
Project("{FAE04EC0-301F-11D3-BF4B-00C04F79EFBC}") = "TestBatchUnitTest", "TestBatchUnitTest\TestBatchUnitTest.csproj", "{14700220-BA0E-46BC-B7A6-30B3FEC7DEB7}"
EndProject
Global
	GlobalSection(SolutionConfigurationPlatforms) = preSolution
		Debug|Any CPU = Debug|Any CPU
		Release|Any CPU = Release|Any CPU
	EndGlobalSection
	GlobalSection(ProjectConfigurationPlatforms) = postSolution
		{1AF080E6-A2D2-47E3-A628-C6E537B4BC85}.Debug|Any CPU.ActiveCfg = Debug|Any CPU
		{1AF080E6-A2D2-47E3-A628-C6E537B4BC85}.Debug|Any CPU.Build.0 = Debug|Any CPU
		{1AF080E6-A2D2-47E3-A628-C6E537B4BC85}.Release|Any CPU.ActiveCfg = Release|Any CPU
		{1AF080E6-A2D2-47E3-A628-C6E537B4BC85}.Release|Any CPU.Build.0 = Release|Any CPU
		{50ACBD07-3EEE-4044-B317-9ECEC32542A5}.Debug|Any CPU.ActiveCfg = Debug|Any CPU
		{50ACBD07-3EEE-4044-B317-9ECEC32542A5}.Debug|Any CPU.Build.0 = Debug|Any CPU
		{50ACBD07-3EEE-4044-B317-9ECEC32542A5}.Release|Any CPU.ActiveCfg = Release|Any CPU
		{50ACBD07-3EEE-4044-B317-9ECEC32542A5}.Release|Any CPU.Build.0 = Release|Any CPU
		{3561F995-E03C-41E1-B6EC-B96A615EC3D2}.Debug|Any CPU.ActiveCfg = Debug|Any CPU
		{3561F995-E03C-41E1-B6EC-B96A615EC3D2}.Debug|Any CPU.Build.0 = Debug|Any CPU
		{3561F995-E03C-41E1-B6EC-B96A615EC3D2}.Release|Any CPU.ActiveCfg = Release|Any CPU
		{3561F995-E03C-41E1-B6EC-B96A615EC3D2}.Release|Any CPU.Build.0 = Release|Any CPU
		{75F92DBE-A65A-4369-A6CA-1EA30DADFCFC}.Debug|Any CPU.ActiveCfg = Debug|Any CPU
		{75F92DBE-A65A-4369-A6CA-1EA30DADFCFC}.Debug|Any CPU.Build.0 = Debug|Any CPU
		{75F92DBE-A65A-4369-A6CA-1EA30DADFCFC}.Release|Any CPU.ActiveCfg = Release|Any CPU
		{75F92DBE-A65A-4369-A6CA-1EA30DADFCFC}.Release|Any CPU.Build.0 = Release|Any CPU
		{600A0601-DF5B-424E-B666-9A8AB52508B6}.Debug|Any CPU.ActiveCfg = Debug|Any CPU
		{600A0601-DF5B-424E-B666-9A8AB52508B6}.Debug|Any CPU.Build.0 = Debug|Any CPU
		{600A0601-DF5B-424E-B666-9A8AB52508B6}.Release|Any CPU.ActiveCfg = Release|Any CPU
		{600A0601-DF5B-424E-B666-9A8AB52508B6}.Release|Any CPU.Build.0 = Release|Any CPU
		{14700220-BA0E-46BC-B7A6-30B3FEC7DEB7}.Debug|Any CPU.ActiveCfg = Debug|Any CPU
		{14700220-BA0E-46BC-B7A6-30B3FEC7DEB7}.Debug|Any CPU.Build.0 = Debug|Any CPU
		{14700220-BA0E-46BC-B7A6-30B3FEC7DEB7}.Release|Any CPU.ActiveCfg = Release|Any CPU
		{14700220-BA0E-46BC-B7A6-30B3FEC7DEB7}.Release|Any CPU.Build.0 = Release|Any CPU
	EndGlobalSection
	GlobalSection(SolutionProperties) = preSolution
		HideSolutionNode = FALSE
	EndGlobalSection
	GlobalSection(NestedProjects) = preSolution
		{14700220-BA0E-46BC-B7A6-30B3FEC7DEB7} = {6CCCE297-7F22-421C-8190-CE5967D9F92C}
	EndGlobalSection
	GlobalSection(ExtensibilityGlobals) = postSolution
		SolutionGuid = {2C7584F1-579C-489F-8B98-46BEDB86D998}
	EndGlobalSection
EndGlobal
